
Microsoft Visual Studio Solution File, Format Version 12.00
# Visual Studio 15
VisualStudioVersion = 15.0.26730.12
MinimumVisualStudioVersion = 10.0.40219.1
Project("{FAE04EC0-301F-11D3-BF4B-00C04F79EFBC}") = "Utils", "ConsoleApp1\Utils.csproj", "{E210A05B-5032-4696-8B2C-9336D4740BE2}"
EndProject
Project("{FAE04EC0-301F-11D3-BF4B-00C04F79EFBC}") = "SharedObjects", "SharedObjects\SharedObjects.csproj", "{5196B706-880E-4B82-B245-1CD20DDF453D}"
EndProject
Project("{FAE04EC0-301F-11D3-BF4B-00C04F79EFBC}") = "Messages", "Messages\Messages.csproj", "{CAA634E0-C3B0-4609-A647-9904500C2332}"
EndProject
Project("{FAE04EC0-301F-11D3-BF4B-00C04F79EFBC}") = "UserApp", "UserApp\UserApp.csproj", "{EEB75A52-775C-47FC-9C2B-21210F0DFB1E}"
EndProject
Project("{FAE04EC0-301F-11D3-BF4B-00C04F79EFBC}") = "MessageTest", "MessageTest\MessageTest.csproj", "{0073598B-480A-4B66-B7B4-507F101EEAD0}"
EndProject
Project("{FAE04EC0-301F-11D3-BF4B-00C04F79EFBC}") = "CommSubSystem", "CommSubSystem\CommSubSystem.csproj", "{0C4A9679-4135-472B-9CF9-FDB57F0B54F1}"
EndProject
Project("{FAE04EC0-301F-11D3-BF4B-00C04F79EFBC}") = "SubSystemTests", "SubSystemTests\SubSystemTests.csproj", "{FEDF1379-A8F7-4688-966E-77EF9151CD0D}"
EndProject
Project("{FAE04EC0-301F-11D3-BF4B-00C04F79EFBC}") = "LobbyApp", "LobbyApp\LobbyApp.csproj", "{0142A149-1E08-4054-B8AC-E361356E810C}"
EndProject
Global
	GlobalSection(SolutionConfigurationPlatforms) = preSolution
		Debug|Any CPU = Debug|Any CPU
		Release|Any CPU = Release|Any CPU
	EndGlobalSection
	GlobalSection(ProjectConfigurationPlatforms) = postSolution
		{E210A05B-5032-4696-8B2C-9336D4740BE2}.Debug|Any CPU.ActiveCfg = Debug|Any CPU
		{E210A05B-5032-4696-8B2C-9336D4740BE2}.Debug|Any CPU.Build.0 = Debug|Any CPU
		{E210A05B-5032-4696-8B2C-9336D4740BE2}.Release|Any CPU.ActiveCfg = Release|Any CPU
		{E210A05B-5032-4696-8B2C-9336D4740BE2}.Release|Any CPU.Build.0 = Release|Any CPU
		{5196B706-880E-4B82-B245-1CD20DDF453D}.Debug|Any CPU.ActiveCfg = Debug|Any CPU
		{5196B706-880E-4B82-B245-1CD20DDF453D}.Debug|Any CPU.Build.0 = Debug|Any CPU
		{5196B706-880E-4B82-B245-1CD20DDF453D}.Release|Any CPU.ActiveCfg = Release|Any CPU
		{5196B706-880E-4B82-B245-1CD20DDF453D}.Release|Any CPU.Build.0 = Release|Any CPU
		{CAA634E0-C3B0-4609-A647-9904500C2332}.Debug|Any CPU.ActiveCfg = Debug|Any CPU
		{CAA634E0-C3B0-4609-A647-9904500C2332}.Debug|Any CPU.Build.0 = Debug|Any CPU
		{CAA634E0-C3B0-4609-A647-9904500C2332}.Release|Any CPU.ActiveCfg = Release|Any CPU
		{CAA634E0-C3B0-4609-A647-9904500C2332}.Release|Any CPU.Build.0 = Release|Any CPU
		{EEB75A52-775C-47FC-9C2B-21210F0DFB1E}.Debug|Any CPU.ActiveCfg = Debug|Any CPU
		{EEB75A52-775C-47FC-9C2B-21210F0DFB1E}.Debug|Any CPU.Build.0 = Debug|Any CPU
		{EEB75A52-775C-47FC-9C2B-21210F0DFB1E}.Release|Any CPU.ActiveCfg = Release|Any CPU
		{EEB75A52-775C-47FC-9C2B-21210F0DFB1E}.Release|Any CPU.Build.0 = Release|Any CPU
		{0073598B-480A-4B66-B7B4-507F101EEAD0}.Debug|Any CPU.ActiveCfg = Debug|Any CPU
		{0073598B-480A-4B66-B7B4-507F101EEAD0}.Debug|Any CPU.Build.0 = Debug|Any CPU
		{0073598B-480A-4B66-B7B4-507F101EEAD0}.Release|Any CPU.ActiveCfg = Release|Any CPU
		{0073598B-480A-4B66-B7B4-507F101EEAD0}.Release|Any CPU.Build.0 = Release|Any CPU
		{0C4A9679-4135-472B-9CF9-FDB57F0B54F1}.Debug|Any CPU.ActiveCfg = Debug|Any CPU
		{0C4A9679-4135-472B-9CF9-FDB57F0B54F1}.Debug|Any CPU.Build.0 = Debug|Any CPU
		{0C4A9679-4135-472B-9CF9-FDB57F0B54F1}.Release|Any CPU.ActiveCfg = Release|Any CPU
		{0C4A9679-4135-472B-9CF9-FDB57F0B54F1}.Release|Any CPU.Build.0 = Release|Any CPU
		{FEDF1379-A8F7-4688-966E-77EF9151CD0D}.Debug|Any CPU.ActiveCfg = Debug|Any CPU
		{FEDF1379-A8F7-4688-966E-77EF9151CD0D}.Debug|Any CPU.Build.0 = Debug|Any CPU
		{FEDF1379-A8F7-4688-966E-77EF9151CD0D}.Release|Any CPU.ActiveCfg = Release|Any CPU
		{FEDF1379-A8F7-4688-966E-77EF9151CD0D}.Release|Any CPU.Build.0 = Release|Any CPU
		{0142A149-1E08-4054-B8AC-E361356E810C}.Debug|Any CPU.ActiveCfg = Debug|Any CPU
		{0142A149-1E08-4054-B8AC-E361356E810C}.Debug|Any CPU.Build.0 = Debug|Any CPU
		{0142A149-1E08-4054-B8AC-E361356E810C}.Release|Any CPU.ActiveCfg = Release|Any CPU
		{0142A149-1E08-4054-B8AC-E361356E810C}.Release|Any CPU.Build.0 = Release|Any CPU
	EndGlobalSection
	GlobalSection(SolutionProperties) = preSolution
		HideSolutionNode = FALSE
	EndGlobalSection
	GlobalSection(ExtensibilityGlobals) = postSolution
		SolutionGuid = {C40D09AF-6FD3-41B7-A2F9-C0EB4363F47E}
	EndGlobalSection
EndGlobal
